// !$*UTF8*$!
{
	archiveVersion = 1;
	classes = {
	};
	objectVersion = 55;
	objects = {

/* Begin PBXBuildFile section */
		4902A0392A54C8D30006845B /* CalendarView.swift in Sources */ = {isa = PBXBuildFile; fileRef = 4902A0382A54C8D30006845B /* CalendarView.swift */; };
		4902A03B2A54C8FB0006845B /* CalendarViewModel.swift in Sources */ = {isa = PBXBuildFile; fileRef = 4902A03A2A54C8FB0006845B /* CalendarViewModel.swift */; };
		4902A03D2A54C9310006845B /* CalendarData.swift in Sources */ = {isa = PBXBuildFile; fileRef = 4902A03C2A54C9310006845B /* CalendarData.swift */; };
		4921D65B2920E66C00A9C73E /* KoalaApp.swift in Sources */ = {isa = PBXBuildFile; fileRef = 4921D65A2920E66C00A9C73E /* KoalaApp.swift */; };
		4921D65D2920E66C00A9C73E /* ContentView.swift in Sources */ = {isa = PBXBuildFile; fileRef = 4921D65C2920E66C00A9C73E /* ContentView.swift */; };
		4921D65F2920E66D00A9C73E /* Assets.xcassets in Resources */ = {isa = PBXBuildFile; fileRef = 4921D65E2920E66D00A9C73E /* Assets.xcassets */; };
		4921D6622920E66D00A9C73E /* Preview Assets.xcassets in Resources */ = {isa = PBXBuildFile; fileRef = 4921D6612920E66D00A9C73E /* Preview Assets.xcassets */; };
		4921D6642920E66D00A9C73E /* Persistence.swift in Sources */ = {isa = PBXBuildFile; fileRef = 4921D6632920E66D00A9C73E /* Persistence.swift */; };
		4921D6672920E66D00A9C73E /* Koala.xcdatamodeld in Sources */ = {isa = PBXBuildFile; fileRef = 4921D6652920E66D00A9C73E /* Koala.xcdatamodeld */; };
		4921D6712920E66D00A9C73E /* KoalaTests.swift in Sources */ = {isa = PBXBuildFile; fileRef = 4921D6702920E66D00A9C73E /* KoalaTests.swift */; };
		4921D67B2920E66D00A9C73E /* KoalaUITests.swift in Sources */ = {isa = PBXBuildFile; fileRef = 4921D67A2920E66D00A9C73E /* KoalaUITests.swift */; };
		4921D67D2920E66D00A9C73E /* KoalaUITestsLaunchTests.swift in Sources */ = {isa = PBXBuildFile; fileRef = 4921D67C2920E66D00A9C73E /* KoalaUITestsLaunchTests.swift */; };
/* End PBXBuildFile section */

/* Begin PBXContainerItemProxy section */
		4921D66D2920E66D00A9C73E /* PBXContainerItemProxy */ = {
			isa = PBXContainerItemProxy;
			containerPortal = 4921D64F2920E66B00A9C73E /* Project object */;
			proxyType = 1;
			remoteGlobalIDString = 4921D6562920E66B00A9C73E;
			remoteInfo = Koala;
		};
		4921D6772920E66D00A9C73E /* PBXContainerItemProxy */ = {
			isa = PBXContainerItemProxy;
			containerPortal = 4921D64F2920E66B00A9C73E /* Project object */;
			proxyType = 1;
			remoteGlobalIDString = 4921D6562920E66B00A9C73E;
			remoteInfo = Koala;
		};
/* End PBXContainerItemProxy section */

/* Begin PBXFileReference section */
		4902A0382A54C8D30006845B /* CalendarView.swift */ = {isa = PBXFileReference; lastKnownFileType = sourcecode.swift; path = CalendarView.swift; sourceTree = "<group>"; };
		4902A03A2A54C8FB0006845B /* CalendarViewModel.swift */ = {isa = PBXFileReference; lastKnownFileType = sourcecode.swift; path = CalendarViewModel.swift; sourceTree = "<group>"; };
		4902A03C2A54C9310006845B /* CalendarData.swift */ = {isa = PBXFileReference; lastKnownFileType = sourcecode.swift; path = CalendarData.swift; sourceTree = "<group>"; };
		4921D6572920E66B00A9C73E /* Koala.app */ = {isa = PBXFileReference; explicitFileType = wrapper.application; includeInIndex = 0; path = Koala.app; sourceTree = BUILT_PRODUCTS_DIR; };
		4921D65A2920E66C00A9C73E /* KoalaApp.swift */ = {isa = PBXFileReference; lastKnownFileType = sourcecode.swift; path = KoalaApp.swift; sourceTree = "<group>"; };
		4921D65C2920E66C00A9C73E /* ContentView.swift */ = {isa = PBXFileReference; lastKnownFileType = sourcecode.swift; path = ContentView.swift; sourceTree = "<group>"; };
		4921D65E2920E66D00A9C73E /* Assets.xcassets */ = {isa = PBXFileReference; lastKnownFileType = folder.assetcatalog; path = Assets.xcassets; sourceTree = "<group>"; };
		4921D6612920E66D00A9C73E /* Preview Assets.xcassets */ = {isa = PBXFileReference; lastKnownFileType = folder.assetcatalog; path = "Preview Assets.xcassets"; sourceTree = "<group>"; };
		4921D6632920E66D00A9C73E /* Persistence.swift */ = {isa = PBXFileReference; lastKnownFileType = sourcecode.swift; path = Persistence.swift; sourceTree = "<group>"; };
		4921D6662920E66D00A9C73E /* Koala.xcdatamodel */ = {isa = PBXFileReference; lastKnownFileType = wrapper.xcdatamodel; path = Koala.xcdatamodel; sourceTree = "<group>"; };
		4921D66C2920E66D00A9C73E /* KoalaTests.xctest */ = {isa = PBXFileReference; explicitFileType = wrapper.cfbundle; includeInIndex = 0; path = KoalaTests.xctest; sourceTree = BUILT_PRODUCTS_DIR; };
		4921D6702920E66D00A9C73E /* KoalaTests.swift */ = {isa = PBXFileReference; lastKnownFileType = sourcecode.swift; path = KoalaTests.swift; sourceTree = "<group>"; };
		4921D6762920E66D00A9C73E /* KoalaUITests.xctest */ = {isa = PBXFileReference; explicitFileType = wrapper.cfbundle; includeInIndex = 0; path = KoalaUITests.xctest; sourceTree = BUILT_PRODUCTS_DIR; };
		4921D67A2920E66D00A9C73E /* KoalaUITests.swift */ = {isa = PBXFileReference; lastKnownFileType = sourcecode.swift; path = KoalaUITests.swift; sourceTree = "<group>"; };
		4921D67C2920E66D00A9C73E /* KoalaUITestsLaunchTests.swift */ = {isa = PBXFileReference; lastKnownFileType = sourcecode.swift; path = KoalaUITestsLaunchTests.swift; sourceTree = "<group>"; };
/* End PBXFileReference section */

/* Begin PBXFrameworksBuildPhase section */
		4921D6542920E66B00A9C73E /* Frameworks */ = {
			isa = PBXFrameworksBuildPhase;
			buildActionMask = 2147483647;
			files = (
			);
			runOnlyForDeploymentPostprocessing = 0;
		};
		4921D6692920E66D00A9C73E /* Frameworks */ = {
			isa = PBXFrameworksBuildPhase;
			buildActionMask = 2147483647;
			files = (
			);
			runOnlyForDeploymentPostprocessing = 0;
		};
		4921D6732920E66D00A9C73E /* Frameworks */ = {
			isa = PBXFrameworksBuildPhase;
			buildActionMask = 2147483647;
			files = (
			);
			runOnlyForDeploymentPostprocessing = 0;
		};
/* End PBXFrameworksBuildPhase section */

/* Begin PBXGroup section */
		4902A0362A54C8A10006845B /* Calendar */ = {
			isa = PBXGroup;
			children = (
				4902A0382A54C8D30006845B /* CalendarView.swift */,
				4902A03A2A54C8FB0006845B /* CalendarViewModel.swift */,
				4902A03C2A54C9310006845B /* CalendarData.swift */,
			);
			path = Calendar;
			sourceTree = "<group>";
		};
		4921D64E2920E66B00A9C73E = {
			isa = PBXGroup;
			children = (
				4921D6592920E66C00A9C73E /* Koala */,
				4921D66F2920E66D00A9C73E /* KoalaTests */,
				4921D6792920E66D00A9C73E /* KoalaUITests */,
				4921D6582920E66B00A9C73E /* Products */,
			);
			sourceTree = "<group>";
		};
		4921D6582920E66B00A9C73E /* Products */ = {
			isa = PBXGroup;
			children = (
				4921D6572920E66B00A9C73E /* Koala.app */,
				4921D66C2920E66D00A9C73E /* KoalaTests.xctest */,
				4921D6762920E66D00A9C73E /* KoalaUITests.xctest */,
			);
			name = Products;
			sourceTree = "<group>";
		};
		4921D6592920E66C00A9C73E /* Koala */ = {
			isa = PBXGroup;
			children = (
				4902A0362A54C8A10006845B /* Calendar */,
				4921D65A2920E66C00A9C73E /* KoalaApp.swift */,
				4921D65C2920E66C00A9C73E /* ContentView.swift */,
				4921D65E2920E66D00A9C73E /* Assets.xcassets */,
				4921D6632920E66D00A9C73E /* Persistence.swift */,
				4921D6652920E66D00A9C73E /* Koala.xcdatamodeld */,
				4921D6602920E66D00A9C73E /* Preview Content */,
			);
			path = Koala;
			sourceTree = "<group>";
		};
		4921D6602920E66D00A9C73E /* Preview Content */ = {
			isa = PBXGroup;
			children = (
				4921D6612920E66D00A9C73E /* Preview Assets.xcassets */,
			);
			path = "Preview Content";
			sourceTree = "<group>";
		};
		4921D66F2920E66D00A9C73E /* KoalaTests */ = {
			isa = PBXGroup;
			children = (
				4921D6702920E66D00A9C73E /* KoalaTests.swift */,
			);
			path = KoalaTests;
			sourceTree = "<group>";
		};
		4921D6792920E66D00A9C73E /* KoalaUITests */ = {
			isa = PBXGroup;
			children = (
				4921D67A2920E66D00A9C73E /* KoalaUITests.swift */,
				4921D67C2920E66D00A9C73E /* KoalaUITestsLaunchTests.swift */,
			);
			path = KoalaUITests;
			sourceTree = "<group>";
		};
/* End PBXGroup section */

/* Begin PBXNativeTarget section */
		4921D6562920E66B00A9C73E /* Koala */ = {
			isa = PBXNativeTarget;
			buildConfigurationList = 4921D6802920E66D00A9C73E /* Build configuration list for PBXNativeTarget "Koala" */;
			buildPhases = (
				4921D6532920E66B00A9C73E /* Sources */,
				4921D6542920E66B00A9C73E /* Frameworks */,
				4921D6552920E66B00A9C73E /* Resources */,
			);
			buildRules = (
			);
			dependencies = (
			);
			name = Koala;
			productName = Koala;
			productReference = 4921D6572920E66B00A9C73E /* Koala.app */;
			productType = "com.apple.product-type.application";
		};
		4921D66B2920E66D00A9C73E /* KoalaTests */ = {
			isa = PBXNativeTarget;
			buildConfigurationList = 4921D6832920E66D00A9C73E /* Build configuration list for PBXNativeTarget "KoalaTests" */;
			buildPhases = (
				4921D6682920E66D00A9C73E /* Sources */,
				4921D6692920E66D00A9C73E /* Frameworks */,
				4921D66A2920E66D00A9C73E /* Resources */,
			);
			buildRules = (
			);
			dependencies = (
				4921D66E2920E66D00A9C73E /* PBXTargetDependency */,
			);
			name = KoalaTests;
			productName = KoalaTests;
			productReference = 4921D66C2920E66D00A9C73E /* KoalaTests.xctest */;
			productType = "com.apple.product-type.bundle.unit-test";
		};
		4921D6752920E66D00A9C73E /* KoalaUITests */ = {
			isa = PBXNativeTarget;
			buildConfigurationList = 4921D6862920E66D00A9C73E /* Build configuration list for PBXNativeTarget "KoalaUITests" */;
			buildPhases = (
				4921D6722920E66D00A9C73E /* Sources */,
				4921D6732920E66D00A9C73E /* Frameworks */,
				4921D6742920E66D00A9C73E /* Resources */,
			);
			buildRules = (
			);
			dependencies = (
				4921D6782920E66D00A9C73E /* PBXTargetDependency */,
			);
			name = KoalaUITests;
			productName = KoalaUITests;
			productReference = 4921D6762920E66D00A9C73E /* KoalaUITests.xctest */;
			productType = "com.apple.product-type.bundle.ui-testing";
		};
/* End PBXNativeTarget section */

/* Begin PBXProject section */
		4921D64F2920E66B00A9C73E /* Project object */ = {
			isa = PBXProject;
			attributes = {
				BuildIndependentTargetsInParallel = 1;
				LastSwiftUpdateCheck = 1320;
				LastUpgradeCheck = 1320;
				TargetAttributes = {
					4921D6562920E66B00A9C73E = {
						CreatedOnToolsVersion = 13.2.1;
					};
					4921D66B2920E66D00A9C73E = {
						CreatedOnToolsVersion = 13.2.1;
						TestTargetID = 4921D6562920E66B00A9C73E;
					};
					4921D6752920E66D00A9C73E = {
						CreatedOnToolsVersion = 13.2.1;
						TestTargetID = 4921D6562920E66B00A9C73E;
					};
				};
			};
			buildConfigurationList = 4921D6522920E66B00A9C73E /* Build configuration list for PBXProject "Koala" */;
			compatibilityVersion = "Xcode 13.0";
			developmentRegion = en;
			hasScannedForEncodings = 0;
			knownRegions = (
				en,
				Base,
			);
			mainGroup = 4921D64E2920E66B00A9C73E;
			productRefGroup = 4921D6582920E66B00A9C73E /* Products */;
			projectDirPath = "";
			projectRoot = "";
			targets = (
				4921D6562920E66B00A9C73E /* Koala */,
				4921D66B2920E66D00A9C73E /* KoalaTests */,
				4921D6752920E66D00A9C73E /* KoalaUITests */,
			);
		};
/* End PBXProject section */

/* Begin PBXResourcesBuildPhase section */
		4921D6552920E66B00A9C73E /* Resources */ = {
			isa = PBXResourcesBuildPhase;
			buildActionMask = 2147483647;
			files = (
				4921D6622920E66D00A9C73E /* Preview Assets.xcassets in Resources */,
				4921D65F2920E66D00A9C73E /* Assets.xcassets in Resources */,
			);
			runOnlyForDeploymentPostprocessing = 0;
		};
		4921D66A2920E66D00A9C73E /* Resources */ = {
			isa = PBXResourcesBuildPhase;
			buildActionMask = 2147483647;
			files = (
			);
			runOnlyForDeploymentPostprocessing = 0;
		};
		4921D6742920E66D00A9C73E /* Resources */ = {
			isa = PBXResourcesBuildPhase;
			buildActionMask = 2147483647;
			files = (
			);
			runOnlyForDeploymentPostprocessing = 0;
		};
/* End PBXResourcesBuildPhase section */

/* Begin PBXSourcesBuildPhase section */
		4921D6532920E66B00A9C73E /* Sources */ = {
			isa = PBXSourcesBuildPhase;
			buildActionMask = 2147483647;
			files = (
				4902A03B2A54C8FB0006845B /* CalendarViewModel.swift in Sources */,
				4902A03D2A54C9310006845B /* CalendarData.swift in Sources */,
				4902A0392A54C8D30006845B /* CalendarView.swift in Sources */,
				4921D6642920E66D00A9C73E /* Persistence.swift in Sources */,
				4921D65D2920E66C00A9C73E /* ContentView.swift in Sources */,
				4921D6672920E66D00A9C73E /* Koala.xcdatamodeld in Sources */,
				4921D65B2920E66C00A9C73E /* KoalaApp.swift in Sources */,
			);
			runOnlyForDeploymentPostprocessing = 0;
		};
		4921D6682920E66D00A9C73E /* Sources */ = {
			isa = PBXSourcesBuildPhase;
			buildActionMask = 2147483647;
			files = (
				4921D6712920E66D00A9C73E /* KoalaTests.swift in Sources */,
			);
			runOnlyForDeploymentPostprocessing = 0;
		};
		4921D6722920E66D00A9C73E /* Sources */ = {
			isa = PBXSourcesBuildPhase;
			buildActionMask = 2147483647;
			files = (
				4921D67B2920E66D00A9C73E /* KoalaUITests.swift in Sources */,
				4921D67D2920E66D00A9C73E /* KoalaUITestsLaunchTests.swift in Sources */,
			);
			runOnlyForDeploymentPostprocessing = 0;
		};
/* End PBXSourcesBuildPhase section */

/* Begin PBXTargetDependency section */
		4921D66E2920E66D00A9C73E /* PBXTargetDependency */ = {
			isa = PBXTargetDependency;
			target = 4921D6562920E66B00A9C73E /* Koala */;
			targetProxy = 4921D66D2920E66D00A9C73E /* PBXContainerItemProxy */;
		};
		4921D6782920E66D00A9C73E /* PBXTargetDependency */ = {
			isa = PBXTargetDependency;
			target = 4921D6562920E66B00A9C73E /* Koala */;
			targetProxy = 4921D6772920E66D00A9C73E /* PBXContainerItemProxy */;
		};
/* End PBXTargetDependency section */

/* Begin XCBuildConfiguration section */
		4921D67E2920E66D00A9C73E /* Debug */ = {
			isa = XCBuildConfiguration;
			buildSettings = {
				ALWAYS_SEARCH_USER_PATHS = NO;
				CLANG_ANALYZER_NONNULL = YES;
				CLANG_ANALYZER_NUMBER_OBJECT_CONVERSION = YES_AGGRESSIVE;
				CLANG_CXX_LANGUAGE_STANDARD = "gnu++17";
				CLANG_CXX_LIBRARY = "libc++";
				CLANG_ENABLE_MODULES = YES;
				CLANG_ENABLE_OBJC_ARC = YES;
				CLANG_ENABLE_OBJC_WEAK = YES;
				CLANG_WARN_BLOCK_CAPTURE_AUTORELEASING = YES;
				CLANG_WARN_BOOL_CONVERSION = YES;
				CLANG_WARN_COMMA = YES;
				CLANG_WARN_CONSTANT_CONVERSION = YES;
				CLANG_WARN_DEPRECATED_OBJC_IMPLEMENTATIONS = YES;
				CLANG_WARN_DIRECT_OBJC_ISA_USAGE = YES_ERROR;
				CLANG_WARN_DOCUMENTATION_COMMENTS = YES;
				CLANG_WARN_EMPTY_BODY = YES;
				CLANG_WARN_ENUM_CONVERSION = YES;
				CLANG_WARN_INFINITE_RECURSION = YES;
				CLANG_WARN_INT_CONVERSION = YES;
				CLANG_WARN_NON_LITERAL_NULL_CONVERSION = YES;
				CLANG_WARN_OBJC_IMPLICIT_RETAIN_SELF = YES;
				CLANG_WARN_OBJC_LITERAL_CONVERSION = YES;
				CLANG_WARN_OBJC_ROOT_CLASS = YES_ERROR;
				CLANG_WARN_QUOTED_INCLUDE_IN_FRAMEWORK_HEADER = YES;
				CLANG_WARN_RANGE_LOOP_ANALYSIS = YES;
				CLANG_WARN_STRICT_PROTOTYPES = YES;
				CLANG_WARN_SUSPICIOUS_MOVE = YES;
				CLANG_WARN_UNGUARDED_AVAILABILITY = YES_AGGRESSIVE;
				CLANG_WARN_UNREACHABLE_CODE = YES;
				CLANG_WARN__DUPLICATE_METHOD_MATCH = YES;
				COPY_PHASE_STRIP = NO;
				DEBUG_INFORMATION_FORMAT = dwarf;
				ENABLE_STRICT_OBJC_MSGSEND = YES;
				ENABLE_TESTABILITY = YES;
				GCC_C_LANGUAGE_STANDARD = gnu11;
				GCC_DYNAMIC_NO_PIC = NO;
				GCC_NO_COMMON_BLOCKS = YES;
				GCC_OPTIMIZATION_LEVEL = 0;
				GCC_PREPROCESSOR_DEFINITIONS = (
					"DEBUG=1",
					"$(inherited)",
				);
				GCC_WARN_64_TO_32_BIT_CONVERSION = YES;
				GCC_WARN_ABOUT_RETURN_TYPE = YES_ERROR;
				GCC_WARN_UNDECLARED_SELECTOR = YES;
				GCC_WARN_UNINITIALIZED_AUTOS = YES_AGGRESSIVE;
				GCC_WARN_UNUSED_FUNCTION = YES;
				GCC_WARN_UNUSED_VARIABLE = YES;
				IPHONEOS_DEPLOYMENT_TARGET = 15.2;
				MTL_ENABLE_DEBUG_INFO = INCLUDE_SOURCE;
				MTL_FAST_MATH = YES;
				ONLY_ACTIVE_ARCH = YES;
				SDKROOT = iphoneos;
				SWIFT_ACTIVE_COMPILATION_CONDITIONS = DEBUG;
				SWIFT_OPTIMIZATION_LEVEL = "-Onone";
			};
			name = Debug;
		};
		4921D67F2920E66D00A9C73E /* Release */ = {
			isa = XCBuildConfiguration;
			buildSettings = {
				ALWAYS_SEARCH_USER_PATHS = NO;
				CLANG_ANALYZER_NONNULL = YES;
				CLANG_ANALYZER_NUMBER_OBJECT_CONVERSION = YES_AGGRESSIVE;
				CLANG_CXX_LANGUAGE_STANDARD = "gnu++17";
				CLANG_CXX_LIBRARY = "libc++";
				CLANG_ENABLE_MODULES = YES;
				CLANG_ENABLE_OBJC_ARC = YES;
				CLANG_ENABLE_OBJC_WEAK = YES;
				CLANG_WARN_BLOCK_CAPTURE_AUTORELEASING = YES;
				CLANG_WARN_BOOL_CONVERSION = YES;
				CLANG_WARN_COMMA = YES;
				CLANG_WARN_CONSTANT_CONVERSION = YES;
				CLANG_WARN_DEPRECATED_OBJC_IMPLEMENTATIONS = YES;
				CLANG_WARN_DIRECT_OBJC_ISA_USAGE = YES_ERROR;
				CLANG_WARN_DOCUMENTATION_COMMENTS = YES;
				CLANG_WARN_EMPTY_BODY = YES;
				CLANG_WARN_ENUM_CONVERSION = YES;
				CLANG_WARN_INFINITE_RECURSION = YES;
				CLANG_WARN_INT_CONVERSION = YES;
				CLANG_WARN_NON_LITERAL_NULL_CONVERSION = YES;
				CLANG_WARN_OBJC_IMPLICIT_RETAIN_SELF = YES;
				CLANG_WARN_OBJC_LITERAL_CONVERSION = YES;
				CLANG_WARN_OBJC_ROOT_CLASS = YES_ERROR;
				CLANG_WARN_QUOTED_INCLUDE_IN_FRAMEWORK_HEADER = YES;
				CLANG_WARN_RANGE_LOOP_ANALYSIS = YES;
				CLANG_WARN_STRICT_PROTOTYPES = YES;
				CLANG_WARN_SUSPICIOUS_MOVE = YES;
				CLANG_WARN_UNGUARDED_AVAILABILITY = YES_AGGRESSIVE;
				CLANG_WARN_UNREACHABLE_CODE = YES;
				CLANG_WARN__DUPLICATE_METHOD_MATCH = YES;
				COPY_PHASE_STRIP = NO;
				DEBUG_INFORMATION_FORMAT = "dwarf-with-dsym";
				ENABLE_NS_ASSERTIONS = NO;
				ENABLE_STRICT_OBJC_MSGSEND = YES;
				GCC_C_LANGUAGE_STANDARD = gnu11;
				GCC_NO_COMMON_BLOCKS = YES;
				GCC_WARN_64_TO_32_BIT_CONVERSION = YES;
				GCC_WARN_ABOUT_RETURN_TYPE = YES_ERROR;
				GCC_WARN_UNDECLARED_SELECTOR = YES;
				GCC_WARN_UNINITIALIZED_AUTOS = YES_AGGRESSIVE;
				GCC_WARN_UNUSED_FUNCTION = YES;
				GCC_WARN_UNUSED_VARIABLE = YES;
				IPHONEOS_DEPLOYMENT_TARGET = 15.2;
				MTL_ENABLE_DEBUG_INFO = NO;
				MTL_FAST_MATH = YES;
				SDKROOT = iphoneos;
				SWIFT_COMPILATION_MODE = wholemodule;
				SWIFT_OPTIMIZATION_LEVEL = "-O";
				VALIDATE_PRODUCT = YES;
			};
			name = Release;
		};
		4921D6812920E66D00A9C73E /* Debug */ = {
			isa = XCBuildConfiguration;
			buildSettings = {
				ASSETCATALOG_COMPILER_APPICON_NAME = AppIcon;
				ASSETCATALOG_COMPILER_GLOBAL_ACCENT_COLOR_NAME = AccentColor;
				CODE_SIGN_STYLE = Automatic;
				CURRENT_PROJECT_VERSION = 1;
				DEVELOPMENT_ASSET_PATHS = "\"Koala/Preview Content\"";
				DEVELOPMENT_TEAM = 6WLZKAUYYL;
				ENABLE_PREVIEWS = YES;
				GENERATE_INFOPLIST_FILE = YES;
				INFOPLIST_KEY_UIApplicationSceneManifest_Generation = YES;
				INFOPLIST_KEY_UIApplicationSupportsIndirectInputEvents = YES;
				INFOPLIST_KEY_UILaunchScreen_Generation = YES;
				INFOPLIST_KEY_UISupportedInterfaceOrientations_iPad = "UIInterfaceOrientationPortrait UIInterfaceOrientationPortraitUpsideDown UIInterfaceOrientationLandscapeLeft UIInterfaceOrientationLandscapeRight";
				INFOPLIST_KEY_UISupportedInterfaceOrientations_iPhone = "UIInterfaceOrientationPortrait UIInterfaceOrientationLandscapeLeft UIInterfaceOrientationLandscapeRight";
				LD_RUNPATH_SEARCH_PATHS = (
					"$(inherited)",
					"@executable_path/Frameworks",
				);
				MARKETING_VERSION = 1.0;
				PRODUCT_BUNDLE_IDENTIFIER = com.nealbaek.Koala;
				PRODUCT_NAME = "$(TARGET_NAME)";
				SWIFT_EMIT_LOC_STRINGS = YES;
				SWIFT_VERSION = 5.0;
				TARGETED_DEVICE_FAMILY = "1,2";
			};
			name = Debug;
		};
		4921D6822920E66D00A9C73E /* Release */ = {
			isa = XCBuildConfiguration;
			buildSettings = {
				ASSETCATALOG_COMPILER_APPICON_NAME = AppIcon;
				ASSETCATALOG_COMPILER_GLOBAL_ACCENT_COLOR_NAME = AccentColor;
				CODE_SIGN_STYLE = Automatic;
				CURRENT_PROJECT_VERSION = 1;
				DEVELOPMENT_ASSET_PATHS = "\"Koala/Preview Content\"";
				DEVELOPMENT_TEAM = 6WLZKAUYYL;
				ENABLE_PREVIEWS = YES;
				GENERATE_INFOPLIST_FILE = YES;
				INFOPLIST_KEY_UIApplicationSceneManifest_Generation = YES;
				INFOPLIST_KEY_UIApplicationSupportsIndirectInputEvents = YES;
				INFOPLIST_KEY_UILaunchScreen_Generation = YES;
				INFOPLIST_KEY_UISupportedInterfaceOrientations_iPad = "UIInterfaceOrientationPortrait UIInterfaceOrientationPortraitUpsideDown UIInterfaceOrientationLandscapeLeft UIInterfaceOrientationLandscapeRight";
				INFOPLIST_KEY_UISupportedInterfaceOrientations_iPhone = "UIInterfaceOrientationPortrait UIInterfaceOrientationLandscapeLeft UIInterfaceOrientationLandscapeRight";
				LD_RUNPATH_SEARCH_PATHS = (
					"$(inherited)",
					"@executable_path/Frameworks",
				);
				MARKETING_VERSION = 1.0;
				PRODUCT_BUNDLE_IDENTIFIER = com.nealbaek.Koala;
				PRODUCT_NAME = "$(TARGET_NAME)";
				SWIFT_EMIT_LOC_STRINGS = YES;
				SWIFT_VERSION = 5.0;
				TARGETED_DEVICE_FAMILY = "1,2";
			};
			name = Release;
		};
		4921D6842920E66D00A9C73E /* Debug */ = {
			isa = XCBuildConfiguration;
			buildSettings = {
				ALWAYS_EMBED_SWIFT_STANDARD_LIBRARIES = YES;
				BUNDLE_LOADER = "$(TEST_HOST)";
				CODE_SIGN_STYLE = Automatic;
				CURRENT_PROJECT_VERSION = 1;
				DEVELOPMENT_TEAM = 6WLZKAUYYL;
				GENERATE_INFOPLIST_FILE = YES;
				IPHONEOS_DEPLOYMENT_TARGET = 15.2;
				MARKETING_VERSION = 1.0;
				PRODUCT_BUNDLE_IDENTIFIER = com.nealbaek.KoalaTests;
				PRODUCT_NAME = "$(TARGET_NAME)";
				SWIFT_EMIT_LOC_STRINGS = NO;
				SWIFT_VERSION = 5.0;
				TARGETED_DEVICE_FAMILY = "1,2";
				TEST_HOST = "$(BUILT_PRODUCTS_DIR)/Koala.app/Koala";
			};
			name = Debug;
		};
		4921D6852920E66D00A9C73E /* Release */ = {
			isa = XCBuildConfiguration;
			buildSettings = {
				ALWAYS_EMBED_SWIFT_STANDARD_LIBRARIES = YES;
				BUNDLE_LOADER = "$(TEST_HOST)";
				CODE_SIGN_STYLE = Automatic;
				CURRENT_PROJECT_VERSION = 1;
				DEVELOPMENT_TEAM = 6WLZKAUYYL;
				GENERATE_INFOPLIST_FILE = YES;
				IPHONEOS_DEPLOYMENT_TARGET = 15.2;
				MARKETING_VERSION = 1.0;
				PRODUCT_BUNDLE_IDENTIFIER = com.nealbaek.KoalaTests;
				PRODUCT_NAME = "$(TARGET_NAME)";
				SWIFT_EMIT_LOC_STRINGS = NO;
				SWIFT_VERSION = 5.0;
				TARGETED_DEVICE_FAMILY = "1,2";
				TEST_HOST = "$(BUILT_PRODUCTS_DIR)/Koala.app/Koala";
			};
			name = Release;
		};
		4921D6872920E66D00A9C73E /* Debug */ = {
			isa = XCBuildConfiguration;
			buildSettings = {
				ALWAYS_EMBED_SWIFT_STANDARD_LIBRARIES = YES;
				CODE_SIGN_STYLE = Automatic;
				CURRENT_PROJECT_VERSION = 1;
				DEVELOPMENT_TEAM = 6WLZKAUYYL;
				GENERATE_INFOPLIST_FILE = YES;
				MARKETING_VERSION = 1.0;
				PRODUCT_BUNDLE_IDENTIFIER = com.nealbaek.KoalaUITests;
				PRODUCT_NAME = "$(TARGET_NAME)";
				SWIFT_EMIT_LOC_STRINGS = NO;
				SWIFT_VERSION = 5.0;
				TARGETED_DEVICE_FAMILY = "1,2";
				TEST_TARGET_NAME = Koala;
			};
			name = Debug;
		};
		4921D6882920E66D00A9C73E /* Release */ = {
			isa = XCBuildConfiguration;
			buildSettings = {
				ALWAYS_EMBED_SWIFT_STANDARD_LIBRARIES = YES;
				CODE_SIGN_STYLE = Automatic;
				CURRENT_PROJECT_VERSION = 1;
				DEVELOPMENT_TEAM = 6WLZKAUYYL;
				GENERATE_INFOPLIST_FILE = YES;
				MARKETING_VERSION = 1.0;
				PRODUCT_BUNDLE_IDENTIFIER = com.nealbaek.KoalaUITests;
				PRODUCT_NAME = "$(TARGET_NAME)";
				SWIFT_EMIT_LOC_STRINGS = NO;
				SWIFT_VERSION = 5.0;
				TARGETED_DEVICE_FAMILY = "1,2";
				TEST_TARGET_NAME = Koala;
			};
			name = Release;
		};
/* End XCBuildConfiguration section */

/* Begin XCConfigurationList section */
		4921D6522920E66B00A9C73E /* Build configuration list for PBXProject "Koala" */ = {
			isa = XCConfigurationList;
			buildConfigurations = (
				4921D67E2920E66D00A9C73E /* Debug */,
				4921D67F2920E66D00A9C73E /* Release */,
			);
			defaultConfigurationIsVisible = 0;
			defaultConfigurationName = Release;
		};
		4921D6802920E66D00A9C73E /* Build configuration list for PBXNativeTarget "Koala" */ = {
			isa = XCConfigurationList;
			buildConfigurations = (
				4921D6812920E66D00A9C73E /* Debug */,
				4921D6822920E66D00A9C73E /* Release */,
			);
			defaultConfigurationIsVisible = 0;
			defaultConfigurationName = Release;
		};
		4921D6832920E66D00A9C73E /* Build configuration list for PBXNativeTarget "KoalaTests" */ = {
			isa = XCConfigurationList;
			buildConfigurations = (
				4921D6842920E66D00A9C73E /* Debug */,
				4921D6852920E66D00A9C73E /* Release */,
			);
			defaultConfigurationIsVisible = 0;
			defaultConfigurationName = Release;
		};
		4921D6862920E66D00A9C73E /* Build configuration list for PBXNativeTarget "KoalaUITests" */ = {
			isa = XCConfigurationList;
			buildConfigurations = (
				4921D6872920E66D00A9C73E /* Debug */,
				4921D6882920E66D00A9C73E /* Release */,
			);
			defaultConfigurationIsVisible = 0;
			defaultConfigurationName = Release;
		};
/* End XCConfigurationList section */

/* Begin XCVersionGroup section */
		4921D6652920E66D00A9C73E /* Koala.xcdatamodeld */ = {
			isa = XCVersionGroup;
			children = (
				4921D6662920E66D00A9C73E /* Koala.xcdatamodel */,
			);
			currentVersion = 4921D6662920E66D00A9C73E /* Koala.xcdatamodel */;
			path = Koala.xcdatamodeld;
			sourceTree = "<group>";
			versionGroupType = wrapper.xcdatamodel;
		};
/* End XCVersionGroup section */
	};
	rootObject = 4921D64F2920E66B00A9C73E /* Project object */;
}
